// !$*UTF8*$!
{
	archiveVersion = 1;
	classes = {
	};
	objectVersion = 50;
	objects = {

/* Begin PBXBuildFile section */
		11AAC224956324116BE4D194 /* Pods_FeedsPocUITests.framework in Frameworks */ = {isa = PBXBuildFile; fileRef = E4D826E9D7C1EC72F61A5FA5 /* Pods_FeedsPocUITests.framework */; };
		314D4A0E210642E6009FCE04 /* AppDelegate.swift in Sources */ = {isa = PBXBuildFile; fileRef = 314D4A0D210642E6009FCE04 /* AppDelegate.swift */; };
		314D4A15210642EB009FCE04 /* Assets.xcassets in Resources */ = {isa = PBXBuildFile; fileRef = 314D4A14210642EB009FCE04 /* Assets.xcassets */; };
		314D4A18210642EB009FCE04 /* LaunchScreen.storyboard in Resources */ = {isa = PBXBuildFile; fileRef = 314D4A16210642EB009FCE04 /* LaunchScreen.storyboard */; };
		314D4A23210642EB009FCE04 /* FeedsPocTests.swift in Sources */ = {isa = PBXBuildFile; fileRef = 314D4A22210642EB009FCE04 /* FeedsPocTests.swift */; };
		314D4A2E210642EC009FCE04 /* FeedsPocUITests.swift in Sources */ = {isa = PBXBuildFile; fileRef = 314D4A2D210642EC009FCE04 /* FeedsPocUITests.swift */; };
		314D4A3E210647D9009FCE04 /* ApiManager.swift in Sources */ = {isa = PBXBuildFile; fileRef = 314D4A3D210647D9009FCE04 /* ApiManager.swift */; };
		314D4A4021064830009FCE04 /* FeedsModel.swift in Sources */ = {isa = PBXBuildFile; fileRef = 314D4A3F21064830009FCE04 /* FeedsModel.swift */; };
		314D4A4321064905009FCE04 /* Constant.swift in Sources */ = {isa = PBXBuildFile; fileRef = 314D4A4221064905009FCE04 /* Constant.swift */; };
		314D4A4621064A13009FCE04 /* FeedsViewController.swift in Sources */ = {isa = PBXBuildFile; fileRef = 314D4A4521064A13009FCE04 /* FeedsViewController.swift */; };
		314D4A4921064A5A009FCE04 /* FeedsViewModel.swift in Sources */ = {isa = PBXBuildFile; fileRef = 314D4A4821064A5A009FCE04 /* FeedsViewModel.swift */; };
		314DAD182107945C0050413E /* RowsDataModel.swift in Sources */ = {isa = PBXBuildFile; fileRef = 314DAD172107945B0050413E /* RowsDataModel.swift */; };
		314DAD1B210794A80050413E /* FeedsTableViewCell.swift in Sources */ = {isa = PBXBuildFile; fileRef = 314DAD1A210794A80050413E /* FeedsTableViewCell.swift */; };
		31FBDAF52107AB1300D6DC37 /* CommonUtility.swift in Sources */ = {isa = PBXBuildFile; fileRef = 31FBDAF42107AB1300D6DC37 /* CommonUtility.swift */; };
		B2EB511469ECDFD0184A9F40 /* Pods_FeedsPoc.framework in Frameworks */ = {isa = PBXBuildFile; fileRef = 3974F9427CF01ED87C167C6B /* Pods_FeedsPoc.framework */; };
		FB8FA1623855AF7601ABB9A1 /* Pods_FeedsPocTests.framework in Frameworks */ = {isa = PBXBuildFile; fileRef = 2CA9326092B5886BC92EBA77 /* Pods_FeedsPocTests.framework */; };
/* End PBXBuildFile section */

/* Begin PBXContainerItemProxy section */
		314D4A1F210642EB009FCE04 /* PBXContainerItemProxy */ = {
			isa = PBXContainerItemProxy;
			containerPortal = 314D4A02210642E6009FCE04 /* Project object */;
			proxyType = 1;
			remoteGlobalIDString = 314D4A09210642E6009FCE04;
			remoteInfo = FeedsPoc;
		};
		314D4A2A210642EB009FCE04 /* PBXContainerItemProxy */ = {
			isa = PBXContainerItemProxy;
			containerPortal = 314D4A02210642E6009FCE04 /* Project object */;
			proxyType = 1;
			remoteGlobalIDString = 314D4A09210642E6009FCE04;
			remoteInfo = FeedsPoc;
		};
/* End PBXContainerItemProxy section */

/* Begin PBXFileReference section */
		1537919E2A256173667FD4F8 /* Pods-FeedsPoc.debug.xcconfig */ = {isa = PBXFileReference; includeInIndex = 1; lastKnownFileType = text.xcconfig; name = "Pods-FeedsPoc.debug.xcconfig"; path = "Pods/Target Support Files/Pods-FeedsPoc/Pods-FeedsPoc.debug.xcconfig"; sourceTree = "<group>"; };
		167C1928C309C31F59078405 /* Pods-FeedsPocUITests.debug.xcconfig */ = {isa = PBXFileReference; includeInIndex = 1; lastKnownFileType = text.xcconfig; name = "Pods-FeedsPocUITests.debug.xcconfig"; path = "Pods/Target Support Files/Pods-FeedsPocUITests/Pods-FeedsPocUITests.debug.xcconfig"; sourceTree = "<group>"; };
		2CA9326092B5886BC92EBA77 /* Pods_FeedsPocTests.framework */ = {isa = PBXFileReference; explicitFileType = wrapper.framework; includeInIndex = 0; path = Pods_FeedsPocTests.framework; sourceTree = BUILT_PRODUCTS_DIR; };
		31124DF6D1B25ADB41F920AC /* Pods-FeedsPocTests.debug.xcconfig */ = {isa = PBXFileReference; includeInIndex = 1; lastKnownFileType = text.xcconfig; name = "Pods-FeedsPocTests.debug.xcconfig"; path = "Pods/Target Support Files/Pods-FeedsPocTests/Pods-FeedsPocTests.debug.xcconfig"; sourceTree = "<group>"; };
		314D4A0A210642E6009FCE04 /* FeedsPoc.app */ = {isa = PBXFileReference; explicitFileType = wrapper.application; includeInIndex = 0; path = FeedsPoc.app; sourceTree = BUILT_PRODUCTS_DIR; };
		314D4A0D210642E6009FCE04 /* AppDelegate.swift */ = {isa = PBXFileReference; lastKnownFileType = sourcecode.swift; path = AppDelegate.swift; sourceTree = "<group>"; };
		314D4A14210642EB009FCE04 /* Assets.xcassets */ = {isa = PBXFileReference; lastKnownFileType = folder.assetcatalog; path = Assets.xcassets; sourceTree = "<group>"; };
		314D4A17210642EB009FCE04 /* Base */ = {isa = PBXFileReference; lastKnownFileType = file.storyboard; name = Base; path = Base.lproj/LaunchScreen.storyboard; sourceTree = "<group>"; };
		314D4A19210642EB009FCE04 /* Info.plist */ = {isa = PBXFileReference; lastKnownFileType = text.plist.xml; path = Info.plist; sourceTree = "<group>"; };
		314D4A1E210642EB009FCE04 /* FeedsPocTests.xctest */ = {isa = PBXFileReference; explicitFileType = wrapper.cfbundle; includeInIndex = 0; path = FeedsPocTests.xctest; sourceTree = BUILT_PRODUCTS_DIR; };
		314D4A22210642EB009FCE04 /* FeedsPocTests.swift */ = {isa = PBXFileReference; lastKnownFileType = sourcecode.swift; path = FeedsPocTests.swift; sourceTree = "<group>"; };
		314D4A24210642EB009FCE04 /* Info.plist */ = {isa = PBXFileReference; lastKnownFileType = text.plist.xml; path = Info.plist; sourceTree = "<group>"; };
		314D4A29210642EB009FCE04 /* FeedsPocUITests.xctest */ = {isa = PBXFileReference; explicitFileType = wrapper.cfbundle; includeInIndex = 0; path = FeedsPocUITests.xctest; sourceTree = BUILT_PRODUCTS_DIR; };
		314D4A2D210642EC009FCE04 /* FeedsPocUITests.swift */ = {isa = PBXFileReference; lastKnownFileType = sourcecode.swift; path = FeedsPocUITests.swift; sourceTree = "<group>"; };
		314D4A2F210642EC009FCE04 /* Info.plist */ = {isa = PBXFileReference; lastKnownFileType = text.plist.xml; path = Info.plist; sourceTree = "<group>"; };
		314D4A3D210647D9009FCE04 /* ApiManager.swift */ = {isa = PBXFileReference; lastKnownFileType = sourcecode.swift; path = ApiManager.swift; sourceTree = "<group>"; };
		314D4A3F21064830009FCE04 /* FeedsModel.swift */ = {isa = PBXFileReference; lastKnownFileType = sourcecode.swift; path = FeedsModel.swift; sourceTree = "<group>"; };
		314D4A4221064905009FCE04 /* Constant.swift */ = {isa = PBXFileReference; lastKnownFileType = sourcecode.swift; path = Constant.swift; sourceTree = "<group>"; };
		314D4A4521064A13009FCE04 /* FeedsViewController.swift */ = {isa = PBXFileReference; lastKnownFileType = sourcecode.swift; path = FeedsViewController.swift; sourceTree = "<group>"; };
		314D4A4821064A5A009FCE04 /* FeedsViewModel.swift */ = {isa = PBXFileReference; lastKnownFileType = sourcecode.swift; path = FeedsViewModel.swift; sourceTree = "<group>"; };
		314DAD172107945B0050413E /* RowsDataModel.swift */ = {isa = PBXFileReference; fileEncoding = 4; lastKnownFileType = sourcecode.swift; path = RowsDataModel.swift; sourceTree = "<group>"; };
		314DAD1A210794A80050413E /* FeedsTableViewCell.swift */ = {isa = PBXFileReference; lastKnownFileType = sourcecode.swift; path = FeedsTableViewCell.swift; sourceTree = "<group>"; };
		31FBDAF42107AB1300D6DC37 /* CommonUtility.swift */ = {isa = PBXFileReference; lastKnownFileType = sourcecode.swift; path = CommonUtility.swift; sourceTree = "<group>"; };
		3330F9F5E924B1B420C46AA8 /* Pods-FeedsPoc.release.xcconfig */ = {isa = PBXFileReference; includeInIndex = 1; lastKnownFileType = text.xcconfig; name = "Pods-FeedsPoc.release.xcconfig"; path = "Pods/Target Support Files/Pods-FeedsPoc/Pods-FeedsPoc.release.xcconfig"; sourceTree = "<group>"; };
		3974F9427CF01ED87C167C6B /* Pods_FeedsPoc.framework */ = {isa = PBXFileReference; explicitFileType = wrapper.framework; includeInIndex = 0; path = Pods_FeedsPoc.framework; sourceTree = BUILT_PRODUCTS_DIR; };
		7085954AD557743112A60888 /* Pods-FeedsPocTests.release.xcconfig */ = {isa = PBXFileReference; includeInIndex = 1; lastKnownFileType = text.xcconfig; name = "Pods-FeedsPocTests.release.xcconfig"; path = "Pods/Target Support Files/Pods-FeedsPocTests/Pods-FeedsPocTests.release.xcconfig"; sourceTree = "<group>"; };
		874F9F63370E434ED92F7A65 /* Pods-FeedsPocUITests.release.xcconfig */ = {isa = PBXFileReference; includeInIndex = 1; lastKnownFileType = text.xcconfig; name = "Pods-FeedsPocUITests.release.xcconfig"; path = "Pods/Target Support Files/Pods-FeedsPocUITests/Pods-FeedsPocUITests.release.xcconfig"; sourceTree = "<group>"; };
		E4D826E9D7C1EC72F61A5FA5 /* Pods_FeedsPocUITests.framework */ = {isa = PBXFileReference; explicitFileType = wrapper.framework; includeInIndex = 0; path = Pods_FeedsPocUITests.framework; sourceTree = BUILT_PRODUCTS_DIR; };
/* End PBXFileReference section */

/* Begin PBXFrameworksBuildPhase section */
		314D4A07210642E6009FCE04 /* Frameworks */ = {
			isa = PBXFrameworksBuildPhase;
			buildActionMask = 2147483647;
			files = (
				B2EB511469ECDFD0184A9F40 /* Pods_FeedsPoc.framework in Frameworks */,
			);
			runOnlyForDeploymentPostprocessing = 0;
		};
		314D4A1B210642EB009FCE04 /* Frameworks */ = {
			isa = PBXFrameworksBuildPhase;
			buildActionMask = 2147483647;
			files = (
				FB8FA1623855AF7601ABB9A1 /* Pods_FeedsPocTests.framework in Frameworks */,
			);
			runOnlyForDeploymentPostprocessing = 0;
		};
		314D4A26210642EB009FCE04 /* Frameworks */ = {
			isa = PBXFrameworksBuildPhase;
			buildActionMask = 2147483647;
			files = (
				11AAC224956324116BE4D194 /* Pods_FeedsPocUITests.framework in Frameworks */,
			);
			runOnlyForDeploymentPostprocessing = 0;
		};
/* End PBXFrameworksBuildPhase section */

/* Begin PBXGroup section */
		314D4A01210642E6009FCE04 = {
			isa = PBXGroup;
			children = (
				314D4A0C210642E6009FCE04 /* FeedsPoc */,
				314D4A21210642EB009FCE04 /* FeedsPocTests */,
				314D4A2C210642EC009FCE04 /* FeedsPocUITests */,
				314D4A0B210642E6009FCE04 /* Products */,
				D12D51395128F0603AE1E473 /* Pods */,
				E141EBACA0BA9A2999A405C4 /* Frameworks */,
			);
			sourceTree = "<group>";
		};
		314D4A0B210642E6009FCE04 /* Products */ = {
			isa = PBXGroup;
			children = (
				314D4A0A210642E6009FCE04 /* FeedsPoc.app */,
				314D4A1E210642EB009FCE04 /* FeedsPocTests.xctest */,
				314D4A29210642EB009FCE04 /* FeedsPocUITests.xctest */,
			);
			name = Products;
			sourceTree = "<group>";
		};
		314D4A0C210642E6009FCE04 /* FeedsPoc */ = {
			isa = PBXGroup;
			children = (
				314DAD19210794960050413E /* UITableViewCell */,
				314D4A4721064A52009FCE04 /* FeedsViewModel */,
				314D4A4421064A00009FCE04 /* Controller */,
				314D4A41210648ED009FCE04 /* Utilities */,
				314D4A3C210647C4009FCE04 /* Model */,
				314D4A3B210647B7009FCE04 /* ViewModel */,
				314D4A0D210642E6009FCE04 /* AppDelegate.swift */,
				314D4A14210642EB009FCE04 /* Assets.xcassets */,
				314D4A16210642EB009FCE04 /* LaunchScreen.storyboard */,
				314D4A19210642EB009FCE04 /* Info.plist */,
			);
			path = FeedsPoc;
			sourceTree = "<group>";
		};
		314D4A21210642EB009FCE04 /* FeedsPocTests */ = {
			isa = PBXGroup;
			children = (
				314D4A22210642EB009FCE04 /* FeedsPocTests.swift */,
				314D4A24210642EB009FCE04 /* Info.plist */,
			);
			path = FeedsPocTests;
			sourceTree = "<group>";
		};
		314D4A2C210642EC009FCE04 /* FeedsPocUITests */ = {
			isa = PBXGroup;
			children = (
				314D4A2D210642EC009FCE04 /* FeedsPocUITests.swift */,
				314D4A2F210642EC009FCE04 /* Info.plist */,
			);
			path = FeedsPocUITests;
			sourceTree = "<group>";
		};
		314D4A3B210647B7009FCE04 /* ViewModel */ = {
			isa = PBXGroup;
			children = (
			);
			path = ViewModel;
			sourceTree = "<group>";
		};
		314D4A3C210647C4009FCE04 /* Model */ = {
			isa = PBXGroup;
			children = (
				314DAD172107945B0050413E /* RowsDataModel.swift */,
				314D4A3D210647D9009FCE04 /* ApiManager.swift */,
				314D4A3F21064830009FCE04 /* FeedsModel.swift */,
			);
			path = Model;
			sourceTree = "<group>";
		};
		314D4A41210648ED009FCE04 /* Utilities */ = {
			isa = PBXGroup;
			children = (
				314D4A4221064905009FCE04 /* Constant.swift */,
				31FBDAF42107AB1300D6DC37 /* CommonUtility.swift */,
			);
			path = Utilities;
			sourceTree = "<group>";
		};
		314D4A4421064A00009FCE04 /* Controller */ = {
			isa = PBXGroup;
			children = (
				314D4A4521064A13009FCE04 /* FeedsViewController.swift */,
			);
			path = Controller;
			sourceTree = "<group>";
		};
		314D4A4721064A52009FCE04 /* FeedsViewModel */ = {
			isa = PBXGroup;
			children = (
				314D4A4821064A5A009FCE04 /* FeedsViewModel.swift */,
			);
			path = FeedsViewModel;
			sourceTree = "<group>";
		};
		314DAD19210794960050413E /* UITableViewCell */ = {
			isa = PBXGroup;
			children = (
				314DAD1A210794A80050413E /* FeedsTableViewCell.swift */,
			);
			path = UITableViewCell;
			sourceTree = "<group>";
		};
		D12D51395128F0603AE1E473 /* Pods */ = {
			isa = PBXGroup;
			children = (
				1537919E2A256173667FD4F8 /* Pods-FeedsPoc.debug.xcconfig */,
				3330F9F5E924B1B420C46AA8 /* Pods-FeedsPoc.release.xcconfig */,
				31124DF6D1B25ADB41F920AC /* Pods-FeedsPocTests.debug.xcconfig */,
				7085954AD557743112A60888 /* Pods-FeedsPocTests.release.xcconfig */,
				167C1928C309C31F59078405 /* Pods-FeedsPocUITests.debug.xcconfig */,
				874F9F63370E434ED92F7A65 /* Pods-FeedsPocUITests.release.xcconfig */,
			);
			name = Pods;
			sourceTree = "<group>";
		};
		E141EBACA0BA9A2999A405C4 /* Frameworks */ = {
			isa = PBXGroup;
			children = (
				3974F9427CF01ED87C167C6B /* Pods_FeedsPoc.framework */,
				2CA9326092B5886BC92EBA77 /* Pods_FeedsPocTests.framework */,
				E4D826E9D7C1EC72F61A5FA5 /* Pods_FeedsPocUITests.framework */,
			);
			name = Frameworks;
			sourceTree = "<group>";
		};
/* End PBXGroup section */

/* Begin PBXNativeTarget section */
		314D4A09210642E6009FCE04 /* FeedsPoc */ = {
			isa = PBXNativeTarget;
			buildConfigurationList = 314D4A32210642EC009FCE04 /* Build configuration list for PBXNativeTarget "FeedsPoc" */;
			buildPhases = (
				5EC01D1FAAB1B04F24118608 /* [CP] Check Pods Manifest.lock */,
				314D4A06210642E6009FCE04 /* Sources */,
				314D4A07210642E6009FCE04 /* Frameworks */,
				314D4A08210642E6009FCE04 /* Resources */,
				1534B8F1763903237A84A654 /* [CP] Embed Pods Frameworks */,
			);
			buildRules = (
			);
			dependencies = (
			);
			name = FeedsPoc;
			productName = FeedsPoc;
			productReference = 314D4A0A210642E6009FCE04 /* FeedsPoc.app */;
			productType = "com.apple.product-type.application";
		};
		314D4A1D210642EB009FCE04 /* FeedsPocTests */ = {
			isa = PBXNativeTarget;
			buildConfigurationList = 314D4A35210642EC009FCE04 /* Build configuration list for PBXNativeTarget "FeedsPocTests" */;
			buildPhases = (
				71C157F5177B9E2768C963EC /* [CP] Check Pods Manifest.lock */,
				314D4A1A210642EB009FCE04 /* Sources */,
				314D4A1B210642EB009FCE04 /* Frameworks */,
				314D4A1C210642EB009FCE04 /* Resources */,
			);
			buildRules = (
			);
			dependencies = (
				314D4A20210642EB009FCE04 /* PBXTargetDependency */,
			);
			name = FeedsPocTests;
			productName = FeedsPocTests;
			productReference = 314D4A1E210642EB009FCE04 /* FeedsPocTests.xctest */;
			productType = "com.apple.product-type.bundle.unit-test";
		};
		314D4A28210642EB009FCE04 /* FeedsPocUITests */ = {
			isa = PBXNativeTarget;
			buildConfigurationList = 314D4A38210642EC009FCE04 /* Build configuration list for PBXNativeTarget "FeedsPocUITests" */;
			buildPhases = (
				8FD3EFEBDB78227DE7791660 /* [CP] Check Pods Manifest.lock */,
				314D4A25210642EB009FCE04 /* Sources */,
				314D4A26210642EB009FCE04 /* Frameworks */,
				314D4A27210642EB009FCE04 /* Resources */,
			);
			buildRules = (
			);
			dependencies = (
				314D4A2B210642EB009FCE04 /* PBXTargetDependency */,
			);
			name = FeedsPocUITests;
			productName = FeedsPocUITests;
			productReference = 314D4A29210642EB009FCE04 /* FeedsPocUITests.xctest */;
			productType = "com.apple.product-type.bundle.ui-testing";
		};
/* End PBXNativeTarget section */

/* Begin PBXProject section */
		314D4A02210642E6009FCE04 /* Project object */ = {
			isa = PBXProject;
			attributes = {
				LastSwiftUpdateCheck = 0940;
				LastUpgradeCheck = 0940;
				ORGANIZATIONNAME = "Ambuj Shukla";
				TargetAttributes = {
					314D4A09210642E6009FCE04 = {
						CreatedOnToolsVersion = 9.4;
					};
					314D4A1D210642EB009FCE04 = {
						CreatedOnToolsVersion = 9.4;
						TestTargetID = 314D4A09210642E6009FCE04;
					};
					314D4A28210642EB009FCE04 = {
						CreatedOnToolsVersion = 9.4;
						TestTargetID = 314D4A09210642E6009FCE04;
					};
				};
			};
			buildConfigurationList = 314D4A05210642E6009FCE04 /* Build configuration list for PBXProject "FeedsPoc" */;
			compatibilityVersion = "Xcode 9.3";
			developmentRegion = en;
			hasScannedForEncodings = 0;
			knownRegions = (
				en,
				Base,
			);
			mainGroup = 314D4A01210642E6009FCE04;
			productRefGroup = 314D4A0B210642E6009FCE04 /* Products */;
			projectDirPath = "";
			projectRoot = "";
			targets = (
				314D4A09210642E6009FCE04 /* FeedsPoc */,
				314D4A1D210642EB009FCE04 /* FeedsPocTests */,
				314D4A28210642EB009FCE04 /* FeedsPocUITests */,
			);
		};
/* End PBXProject section */

/* Begin PBXResourcesBuildPhase section */
		314D4A08210642E6009FCE04 /* Resources */ = {
			isa = PBXResourcesBuildPhase;
			buildActionMask = 2147483647;
			files = (
				314D4A18210642EB009FCE04 /* LaunchScreen.storyboard in Resources */,
				314D4A15210642EB009FCE04 /* Assets.xcassets in Resources */,
			);
			runOnlyForDeploymentPostprocessing = 0;
		};
		314D4A1C210642EB009FCE04 /* Resources */ = {
			isa = PBXResourcesBuildPhase;
			buildActionMask = 2147483647;
			files = (
			);
			runOnlyForDeploymentPostprocessing = 0;
		};
		314D4A27210642EB009FCE04 /* Resources */ = {
			isa = PBXResourcesBuildPhase;
			buildActionMask = 2147483647;
			files = (
			);
			runOnlyForDeploymentPostprocessing = 0;
		};
/* End PBXResourcesBuildPhase section */

/* Begin PBXShellScriptBuildPhase section */
		1534B8F1763903237A84A654 /* [CP] Embed Pods Frameworks */ = {
			isa = PBXShellScriptBuildPhase;
			buildActionMask = 2147483647;
			files = (
			);
			inputPaths = (
				"${SRCROOT}/Pods/Target Support Files/Pods-FeedsPoc/Pods-FeedsPoc-frameworks.sh",
				"${BUILT_PRODUCTS_DIR}/Alamofire/Alamofire.framework",
				"${BUILT_PRODUCTS_DIR}/CRNotifications/CRNotifications.framework",
				"${BUILT_PRODUCTS_DIR}/NVActivityIndicatorView/NVActivityIndicatorView.framework",
				"${BUILT_PRODUCTS_DIR}/ObjectMapper/ObjectMapper.framework",
				"${BUILT_PRODUCTS_DIR}/SDWebImage/SDWebImage.framework",
			);
			name = "[CP] Embed Pods Frameworks";
			outputPaths = (
				"${TARGET_BUILD_DIR}/${FRAMEWORKS_FOLDER_PATH}/Alamofire.framework",
				"${TARGET_BUILD_DIR}/${FRAMEWORKS_FOLDER_PATH}/CRNotifications.framework",
				"${TARGET_BUILD_DIR}/${FRAMEWORKS_FOLDER_PATH}/NVActivityIndicatorView.framework",
				"${TARGET_BUILD_DIR}/${FRAMEWORKS_FOLDER_PATH}/ObjectMapper.framework",
				"${TARGET_BUILD_DIR}/${FRAMEWORKS_FOLDER_PATH}/SDWebImage.framework",
			);
			runOnlyForDeploymentPostprocessing = 0;
			shellPath = /bin/sh;
			shellScript = "\"${SRCROOT}/Pods/Target Support Files/Pods-FeedsPoc/Pods-FeedsPoc-frameworks.sh\"\n";
			showEnvVarsInLog = 0;
		};
		5EC01D1FAAB1B04F24118608 /* [CP] Check Pods Manifest.lock */ = {
			isa = PBXShellScriptBuildPhase;
			buildActionMask = 2147483647;
			files = (
			);
			inputPaths = (
				"${PODS_PODFILE_DIR_PATH}/Podfile.lock",
				"${PODS_ROOT}/Manifest.lock",
			);
			name = "[CP] Check Pods Manifest.lock";
			outputPaths = (
				"$(DERIVED_FILE_DIR)/Pods-FeedsPoc-checkManifestLockResult.txt",
			);
			runOnlyForDeploymentPostprocessing = 0;
			shellPath = /bin/sh;
			shellScript = "diff \"${PODS_PODFILE_DIR_PATH}/Podfile.lock\" \"${PODS_ROOT}/Manifest.lock\" > /dev/null\nif [ $? != 0 ] ; then\n    # print error to STDERR\n    echo \"error: The sandbox is not in sync with the Podfile.lock. Run 'pod install' or update your CocoaPods installation.\" >&2\n    exit 1\nfi\n# This output is used by Xcode 'outputs' to avoid re-running this script phase.\necho \"SUCCESS\" > \"${SCRIPT_OUTPUT_FILE_0}\"\n";
			showEnvVarsInLog = 0;
		};
		71C157F5177B9E2768C963EC /* [CP] Check Pods Manifest.lock */ = {
			isa = PBXShellScriptBuildPhase;
			buildActionMask = 2147483647;
			files = (
			);
			inputPaths = (
				"${PODS_PODFILE_DIR_PATH}/Podfile.lock",
				"${PODS_ROOT}/Manifest.lock",
			);
			name = "[CP] Check Pods Manifest.lock";
			outputPaths = (
				"$(DERIVED_FILE_DIR)/Pods-FeedsPocTests-checkManifestLockResult.txt",
			);
			runOnlyForDeploymentPostprocessing = 0;
			shellPath = /bin/sh;
			shellScript = "diff \"${PODS_PODFILE_DIR_PATH}/Podfile.lock\" \"${PODS_ROOT}/Manifest.lock\" > /dev/null\nif [ $? != 0 ] ; then\n    # print error to STDERR\n    echo \"error: The sandbox is not in sync with the Podfile.lock. Run 'pod install' or update your CocoaPods installation.\" >&2\n    exit 1\nfi\n# This output is used by Xcode 'outputs' to avoid re-running this script phase.\necho \"SUCCESS\" > \"${SCRIPT_OUTPUT_FILE_0}\"\n";
			showEnvVarsInLog = 0;
		};
		8FD3EFEBDB78227DE7791660 /* [CP] Check Pods Manifest.lock */ = {
			isa = PBXShellScriptBuildPhase;
			buildActionMask = 2147483647;
			files = (
			);
			inputPaths = (
				"${PODS_PODFILE_DIR_PATH}/Podfile.lock",
				"${PODS_ROOT}/Manifest.lock",
			);
			name = "[CP] Check Pods Manifest.lock";
			outputPaths = (
				"$(DERIVED_FILE_DIR)/Pods-FeedsPocUITests-checkManifestLockResult.txt",
			);
			runOnlyForDeploymentPostprocessing = 0;
			shellPath = /bin/sh;
			shellScript = "diff \"${PODS_PODFILE_DIR_PATH}/Podfile.lock\" \"${PODS_ROOT}/Manifest.lock\" > /dev/null\nif [ $? != 0 ] ; then\n    # print error to STDERR\n    echo \"error: The sandbox is not in sync with the Podfile.lock. Run 'pod install' or update your CocoaPods installation.\" >&2\n    exit 1\nfi\n# This output is used by Xcode 'outputs' to avoid re-running this script phase.\necho \"SUCCESS\" > \"${SCRIPT_OUTPUT_FILE_0}\"\n";
			showEnvVarsInLog = 0;
		};
/* End PBXShellScriptBuildPhase section */

/* Begin PBXSourcesBuildPhase section */
		314D4A06210642E6009FCE04 /* Sources */ = {
			isa = PBXSourcesBuildPhase;
			buildActionMask = 2147483647;
			files = (
				31FBDAF52107AB1300D6DC37 /* CommonUtility.swift in Sources */,
				314D4A4621064A13009FCE04 /* FeedsViewController.swift in Sources */,
				314D4A3E210647D9009FCE04 /* ApiManager.swift in Sources */,
				314DAD182107945C0050413E /* RowsDataModel.swift in Sources */,
				314D4A4321064905009FCE04 /* Constant.swift in Sources */,
				314D4A0E210642E6009FCE04 /* AppDelegate.swift in Sources */,
				314DAD1B210794A80050413E /* FeedsTableViewCell.swift in Sources */,
				314D4A4921064A5A009FCE04 /* FeedsViewModel.swift in Sources */,
				314D4A4021064830009FCE04 /* FeedsModel.swift in Sources */,
			);
			runOnlyForDeploymentPostprocessing = 0;
		};
		314D4A1A210642EB009FCE04 /* Sources */ = {
			isa = PBXSourcesBuildPhase;
			buildActionMask = 2147483647;
			files = (
				314D4A23210642EB009FCE04 /* FeedsPocTests.swift in Sources */,
			);
			runOnlyForDeploymentPostprocessing = 0;
		};
		314D4A25210642EB009FCE04 /* Sources */ = {
			isa = PBXSourcesBuildPhase;
			buildActionMask = 2147483647;
			files = (
				314D4A2E210642EC009FCE04 /* FeedsPocUITests.swift in Sources */,
			);
			runOnlyForDeploymentPostprocessing = 0;
		};
/* End PBXSourcesBuildPhase section */

/* Begin PBXTargetDependency section */
		314D4A20210642EB009FCE04 /* PBXTargetDependency */ = {
			isa = PBXTargetDependency;
			target = 314D4A09210642E6009FCE04 /* FeedsPoc */;
			targetProxy = 314D4A1F210642EB009FCE04 /* PBXContainerItemProxy */;
		};
		314D4A2B210642EB009FCE04 /* PBXTargetDependency */ = {
			isa = PBXTargetDependency;
			target = 314D4A09210642E6009FCE04 /* FeedsPoc */;
			targetProxy = 314D4A2A210642EB009FCE04 /* PBXContainerItemProxy */;
		};
/* End PBXTargetDependency section */

/* Begin PBXVariantGroup section */
		314D4A16210642EB009FCE04 /* LaunchScreen.storyboard */ = {
			isa = PBXVariantGroup;
			children = (
				314D4A17210642EB009FCE04 /* Base */,
			);
			name = LaunchScreen.storyboard;
			sourceTree = "<group>";
		};
/* End PBXVariantGroup section */

/* Begin XCBuildConfiguration section */
		314D4A30210642EC009FCE04 /* Debug */ = {
			isa = XCBuildConfiguration;
			buildSettings = {
				ALWAYS_SEARCH_USER_PATHS = NO;
				CLANG_ANALYZER_NONNULL = YES;
				CLANG_ANALYZER_NUMBER_OBJECT_CONVERSION = YES_AGGRESSIVE;
				CLANG_CXX_LANGUAGE_STANDARD = "gnu++14";
				CLANG_CXX_LIBRARY = "libc++";
				CLANG_ENABLE_MODULES = YES;
				CLANG_ENABLE_OBJC_ARC = YES;
				CLANG_ENABLE_OBJC_WEAK = YES;
				CLANG_WARN_BLOCK_CAPTURE_AUTORELEASING = YES;
				CLANG_WARN_BOOL_CONVERSION = YES;
				CLANG_WARN_COMMA = YES;
				CLANG_WARN_CONSTANT_CONVERSION = YES;
				CLANG_WARN_DEPRECATED_OBJC_IMPLEMENTATIONS = YES;
				CLANG_WARN_DIRECT_OBJC_ISA_USAGE = YES_ERROR;
				CLANG_WARN_DOCUMENTATION_COMMENTS = YES;
				CLANG_WARN_EMPTY_BODY = YES;
				CLANG_WARN_ENUM_CONVERSION = YES;
				CLANG_WARN_INFINITE_RECURSION = YES;
				CLANG_WARN_INT_CONVERSION = YES;
				CLANG_WARN_NON_LITERAL_NULL_CONVERSION = YES;
				CLANG_WARN_OBJC_IMPLICIT_RETAIN_SELF = YES;
				CLANG_WARN_OBJC_LITERAL_CONVERSION = YES;
				CLANG_WARN_OBJC_ROOT_CLASS = YES_ERROR;
				CLANG_WARN_RANGE_LOOP_ANALYSIS = YES;
				CLANG_WARN_STRICT_PROTOTYPES = YES;
				CLANG_WARN_SUSPICIOUS_MOVE = YES;
				CLANG_WARN_UNGUARDED_AVAILABILITY = YES_AGGRESSIVE;
				CLANG_WARN_UNREACHABLE_CODE = YES;
				CLANG_WARN__DUPLICATE_METHOD_MATCH = YES;
				CODE_SIGN_IDENTITY = "iPhone Developer";
				COPY_PHASE_STRIP = NO;
				DEBUG_INFORMATION_FORMAT = dwarf;
				ENABLE_STRICT_OBJC_MSGSEND = YES;
				ENABLE_TESTABILITY = YES;
				GCC_C_LANGUAGE_STANDARD = gnu11;
				GCC_DYNAMIC_NO_PIC = NO;
				GCC_NO_COMMON_BLOCKS = YES;
				GCC_OPTIMIZATION_LEVEL = 0;
				GCC_PREPROCESSOR_DEFINITIONS = (
					"DEBUG=1",
					"$(inherited)",
				);
				GCC_WARN_64_TO_32_BIT_CONVERSION = YES;
				GCC_WARN_ABOUT_RETURN_TYPE = YES_ERROR;
				GCC_WARN_UNDECLARED_SELECTOR = YES;
				GCC_WARN_UNINITIALIZED_AUTOS = YES_AGGRESSIVE;
				GCC_WARN_UNUSED_FUNCTION = YES;
				GCC_WARN_UNUSED_VARIABLE = YES;
				IPHONEOS_DEPLOYMENT_TARGET = 11.4;
				MTL_ENABLE_DEBUG_INFO = YES;
				ONLY_ACTIVE_ARCH = YES;
				SDKROOT = iphoneos;
				SWIFT_ACTIVE_COMPILATION_CONDITIONS = DEBUG;
				SWIFT_OPTIMIZATION_LEVEL = "-Onone";
			};
			name = Debug;
		};
		314D4A31210642EC009FCE04 /* Release */ = {
			isa = XCBuildConfiguration;
			buildSettings = {
				ALWAYS_SEARCH_USER_PATHS = NO;
				CLANG_ANALYZER_NONNULL = YES;
				CLANG_ANALYZER_NUMBER_OBJECT_CONVERSION = YES_AGGRESSIVE;
				CLANG_CXX_LANGUAGE_STANDARD = "gnu++14";
				CLANG_CXX_LIBRARY = "libc++";
				CLANG_ENABLE_MODULES = YES;
				CLANG_ENABLE_OBJC_ARC = YES;
				CLANG_ENABLE_OBJC_WEAK = YES;
				CLANG_WARN_BLOCK_CAPTURE_AUTORELEASING = YES;
				CLANG_WARN_BOOL_CONVERSION = YES;
				CLANG_WARN_COMMA = YES;
				CLANG_WARN_CONSTANT_CONVERSION = YES;
				CLANG_WARN_DEPRECATED_OBJC_IMPLEMENTATIONS = YES;
				CLANG_WARN_DIRECT_OBJC_ISA_USAGE = YES_ERROR;
				CLANG_WARN_DOCUMENTATION_COMMENTS = YES;
				CLANG_WARN_EMPTY_BODY = YES;
				CLANG_WARN_ENUM_CONVERSION = YES;
				CLANG_WARN_INFINITE_RECURSION = YES;
				CLANG_WARN_INT_CONVERSION = YES;
				CLANG_WARN_NON_LITERAL_NULL_CONVERSION = YES;
				CLANG_WARN_OBJC_IMPLICIT_RETAIN_SELF = YES;
				CLANG_WARN_OBJC_LITERAL_CONVERSION = YES;
				CLANG_WARN_OBJC_ROOT_CLASS = YES_ERROR;
				CLANG_WARN_RANGE_LOOP_ANALYSIS = YES;
				CLANG_WARN_STRICT_PROTOTYPES = YES;
				CLANG_WARN_SUSPICIOUS_MOVE = YES;
				CLANG_WARN_UNGUARDED_AVAILABILITY = YES_AGGRESSIVE;
				CLANG_WARN_UNREACHABLE_CODE = YES;
				CLANG_WARN__DUPLICATE_METHOD_MATCH = YES;
				CODE_SIGN_IDENTITY = "iPhone Developer";
				COPY_PHASE_STRIP = NO;
				DEBUG_INFORMATION_FORMAT = "dwarf-with-dsym";
				ENABLE_NS_ASSERTIONS = NO;
				ENABLE_STRICT_OBJC_MSGSEND = YES;
				GCC_C_LANGUAGE_STANDARD = gnu11;
				GCC_NO_COMMON_BLOCKS = YES;
				GCC_WARN_64_TO_32_BIT_CONVERSION = YES;
				GCC_WARN_ABOUT_RETURN_TYPE = YES_ERROR;
				GCC_WARN_UNDECLARED_SELECTOR = YES;
				GCC_WARN_UNINITIALIZED_AUTOS = YES_AGGRESSIVE;
				GCC_WARN_UNUSED_FUNCTION = YES;
				GCC_WARN_UNUSED_VARIABLE = YES;
				IPHONEOS_DEPLOYMENT_TARGET = 11.4;
				MTL_ENABLE_DEBUG_INFO = NO;
				SDKROOT = iphoneos;
				SWIFT_COMPILATION_MODE = wholemodule;
				SWIFT_OPTIMIZATION_LEVEL = "-O";
				VALIDATE_PRODUCT = YES;
			};
			name = Release;
		};
		314D4A33210642EC009FCE04 /* Debug */ = {
			isa = XCBuildConfiguration;
			baseConfigurationReference = 1537919E2A256173667FD4F8 /* Pods-FeedsPoc.debug.xcconfig */;
			buildSettings = {
				ASSETCATALOG_COMPILER_APPICON_NAME = AppIcon;
				CODE_SIGN_STYLE = Automatic;
				INFOPLIST_FILE = FeedsPoc/Info.plist;
				LD_RUNPATH_SEARCH_PATHS = (
					"$(inherited)",
					"@executable_path/Frameworks",
				);
				PRODUCT_BUNDLE_IDENTIFIER = com.wipro.FeedsPoc;
				PRODUCT_NAME = "$(TARGET_NAME)";
				SWIFT_VERSION = 4.0;
				TARGETED_DEVICE_FAMILY = "1,2";
			};
			name = Debug;
		};
		314D4A34210642EC009FCE04 /* Release */ = {
			isa = XCBuildConfiguration;
			baseConfigurationReference = 3330F9F5E924B1B420C46AA8 /* Pods-FeedsPoc.release.xcconfig */;
			buildSettings = {
				ASSETCATALOG_COMPILER_APPICON_NAME = AppIcon;
				CODE_SIGN_STYLE = Automatic;
				INFOPLIST_FILE = FeedsPoc/Info.plist;
				LD_RUNPATH_SEARCH_PATHS = (
					"$(inherited)",
					"@executable_path/Frameworks",
				);
				PRODUCT_BUNDLE_IDENTIFIER = com.wipro.FeedsPoc;
				PRODUCT_NAME = "$(TARGET_NAME)";
				SWIFT_VERSION = 4.0;
				TARGETED_DEVICE_FAMILY = "1,2";
			};
			name = Release;
		};
		314D4A36210642EC009FCE04 /* Debug */ = {
			isa = XCBuildConfiguration;
			baseConfigurationReference = 31124DF6D1B25ADB41F920AC /* Pods-FeedsPocTests.debug.xcconfig */;
			buildSettings = {
				ALWAYS_EMBED_SWIFT_STANDARD_LIBRARIES = YES;
				BUNDLE_LOADER = "$(TEST_HOST)";
				CODE_SIGN_STYLE = Automatic;
				INFOPLIST_FILE = FeedsPocTests/Info.plist;
				LD_RUNPATH_SEARCH_PATHS = (
					"$(inherited)",
					"@executable_path/Frameworks",
					"@loader_path/Frameworks",
				);
				PRODUCT_BUNDLE_IDENTIFIER = com.wipro.FeedsPocTests;
				PRODUCT_NAME = "$(TARGET_NAME)";
				SWIFT_VERSION = 4.0;
				TARGETED_DEVICE_FAMILY = "1,2";
				TEST_HOST = "$(BUILT_PRODUCTS_DIR)/FeedsPoc.app/FeedsPoc";
			};
			name = Debug;
		};
		314D4A37210642EC009FCE04 /* Release */ = {
			isa = XCBuildConfiguration;
			baseConfigurationReference = 7085954AD557743112A60888 /* Pods-FeedsPocTests.release.xcconfig */;
			buildSettings = {
				ALWAYS_EMBED_SWIFT_STANDARD_LIBRARIES = YES;
				BUNDLE_LOADER = "$(TEST_HOST)";
				CODE_SIGN_STYLE = Automatic;
				INFOPLIST_FILE = FeedsPocTests/Info.plist;
				LD_RUNPATH_SEARCH_PATHS = (
					"$(inherited)",
					"@executable_path/Frameworks",
					"@loader_path/Frameworks",
				);
				PRODUCT_BUNDLE_IDENTIFIER = com.wipro.FeedsPocTests;
				PRODUCT_NAME = "$(TARGET_NAME)";
				SWIFT_VERSION = 4.0;
				TARGETED_DEVICE_FAMILY = "1,2";
				TEST_HOST = "$(BUILT_PRODUCTS_DIR)/FeedsPoc.app/FeedsPoc";
			};
			name = Release;
		};
		314D4A39210642EC009FCE04 /* Debug */ = {
			isa = XCBuildConfiguration;
			baseConfigurationReference = 167C1928C309C31F59078405 /* Pods-FeedsPocUITests.debug.xcconfig */;
			buildSettings = {
				ALWAYS_EMBED_SWIFT_STANDARD_LIBRARIES = YES;
				CODE_SIGN_STYLE = Automatic;
				INFOPLIST_FILE = FeedsPocUITests/Info.plist;
				LD_RUNPATH_SEARCH_PATHS = (
					"$(inherited)",
					"@executable_path/Frameworks",
					"@loader_path/Frameworks",
				);
				PRODUCT_BUNDLE_IDENTIFIER = com.wipro.FeedsPocUITests;
				PRODUCT_NAME = "$(TARGET_NAME)";
				SWIFT_VERSION = 4.0;
				TARGETED_DEVICE_FAMILY = "1,2";
				TEST_TARGET_NAME = FeedsPoc;
			};
			name = Debug;
		};
		314D4A3A210642EC009FCE04 /* Release */ = {
			isa = XCBuildConfiguration;
			baseConfigurationReference = 874F9F63370E434ED92F7A65 /* Pods-FeedsPocUITests.release.xcconfig */;
			buildSettings = {
				ALWAYS_EMBED_SWIFT_STANDARD_LIBRARIES = YES;
				CODE_SIGN_STYLE = Automatic;
				INFOPLIST_FILE = FeedsPocUITests/Info.plist;
				LD_RUNPATH_SEARCH_PATHS = (
					"$(inherited)",
					"@executable_path/Frameworks",
					"@loader_path/Frameworks",
				);
				PRODUCT_BUNDLE_IDENTIFIER = com.wipro.FeedsPocUITests;
				PRODUCT_NAME = "$(TARGET_NAME)";
				SWIFT_VERSION = 4.0;
				TARGETED_DEVICE_FAMILY = "1,2";
				TEST_TARGET_NAME = FeedsPoc;
			};
			name = Release;
		};
/* End XCBuildConfiguration section */

/* Begin XCConfigurationList section */
		314D4A05210642E6009FCE04 /* Build configuration list for PBXProject "FeedsPoc" */ = {
			isa = XCConfigurationList;
			buildConfigurations = (
				314D4A30210642EC009FCE04 /* Debug */,
				314D4A31210642EC009FCE04 /* Release */,
			);
			defaultConfigurationIsVisible = 0;
			defaultConfigurationName = Release;
		};
		314D4A32210642EC009FCE04 /* Build configuration list for PBXNativeTarget "FeedsPoc" */ = {
			isa = XCConfigurationList;
			buildConfigurations = (
				314D4A33210642EC009FCE04 /* Debug */,
				314D4A34210642EC009FCE04 /* Release */,
			);
			defaultConfigurationIsVisible = 0;
			defaultConfigurationName = Release;
		};
		314D4A35210642EC009FCE04 /* Build configuration list for PBXNativeTarget "FeedsPocTests" */ = {
			isa = XCConfigurationList;
			buildConfigurations = (
				314D4A36210642EC009FCE04 /* Debug */,
				314D4A37210642EC009FCE04 /* Release */,
			);
			defaultConfigurationIsVisible = 0;
			defaultConfigurationName = Release;
		};
		314D4A38210642EC009FCE04 /* Build configuration list for PBXNativeTarget "FeedsPocUITests" */ = {
			isa = XCConfigurationList;
			buildConfigurations = (
				314D4A39210642EC009FCE04 /* Debug */,
				314D4A3A210642EC009FCE04 /* Release */,
			);
			defaultConfigurationIsVisible = 0;
			defaultConfigurationName = Release;
		};
/* End XCConfigurationList section */
	};
	rootObject = 314D4A02210642E6009FCE04 /* Project object */;
}
